{
  "name": "web-pixel",
  "version": "1.0.0",
  "lockfileVersion": 3,
  "requires": true,
  "packages": {
    "": {
      "name": "web-pixel",
      "version": "1.0.0",
      "license": "ISC",
      "dependencies": {
        "@qumra/web-pixels-extension": "^1.0.10"
      }
    },
    "node_modules/@qumra/web-pixels-extension": {
      "version": "1.0.10",
      "resolved": "https://registry.npmjs.org/@qumra/web-pixels-extension/-/web-pixels-extension-1.0.10.tgz",
      "integrity": "sha512-a4vWrxkPIQ/L+K5WFVsRSi5myeGrhJ5UTFEy6e2qOXFF12Uq0ZhKjsZ6QLC2wTx/TeRzmBmpJRvRtI0eQLx1Qw==",
      "license": "ISC",
      "engines": {
        "node": ">=18"
      }
    }
  }
}
